
Microsoft Visual Studio Solution File, Format Version 12.00
# Visual Studio 15
VisualStudioVersion = 15.0.27130.2024
MinimumVisualStudioVersion = 10.0.40219.1
Project("{FAE04EC0-301F-11D3-BF4B-00C04F79EFBC}") = "Core.Correction", "Core.Correction\Core.Correction.csproj", "{2919D418-FCE7-47C2-9E2F-8CBE9EBE30EE}"
EndProject
Project("{FAE04EC0-301F-11D3-BF4B-00C04F79EFBC}") = "Tests", "..\Tests\Tests.csproj", "{98472CCE-9631-4768-A727-C12A8C4C43D1}"
EndProject
Project("{FAE04EC0-301F-11D3-BF4B-00C04F79EFBC}") = "Core", "..\Core\Core.csproj", "{6448775A-1E2B-4234-85A5-6F7AEDAA8B52}"
EndProject
Global
	GlobalSection(SolutionConfigurationPlatforms) = preSolution
		Debug|Any CPU = Debug|Any CPU
		Release|Any CPU = Release|Any CPU
	EndGlobalSection
	GlobalSection(ProjectConfigurationPlatforms) = postSolution
		{2919D418-FCE7-47C2-9E2F-8CBE9EBE30EE}.Debug|Any CPU.ActiveCfg = Debug|Any CPU
		{2919D418-FCE7-47C2-9E2F-8CBE9EBE30EE}.Debug|Any CPU.Build.0 = Debug|Any CPU
		{2919D418-FCE7-47C2-9E2F-8CBE9EBE30EE}.Release|Any CPU.ActiveCfg = Release|Any CPU
		{2919D418-FCE7-47C2-9E2F-8CBE9EBE30EE}.Release|Any CPU.Build.0 = Release|Any CPU
		{98472CCE-9631-4768-A727-C12A8C4C43D1}.Debug|Any CPU.ActiveCfg = Debug|Any CPU
		{98472CCE-9631-4768-A727-C12A8C4C43D1}.Debug|Any CPU.Build.0 = Debug|Any CPU
		{98472CCE-9631-4768-A727-C12A8C4C43D1}.Release|Any CPU.ActiveCfg = Release|Any CPU
		{98472CCE-9631-4768-A727-C12A8C4C43D1}.Release|Any CPU.Build.0 = Release|Any CPU
		{6448775A-1E2B-4234-85A5-6F7AEDAA8B52}.Debug|Any CPU.ActiveCfg = Debug|Any CPU
		{6448775A-1E2B-4234-85A5-6F7AEDAA8B52}.Debug|Any CPU.Build.0 = Debug|Any CPU
		{6448775A-1E2B-4234-85A5-6F7AEDAA8B52}.Release|Any CPU.ActiveCfg = Release|Any CPU
		{6448775A-1E2B-4234-85A5-6F7AEDAA8B52}.Release|Any CPU.Build.0 = Release|Any CPU
	EndGlobalSection
	GlobalSection(SolutionProperties) = preSolution
		HideSolutionNode = FALSE
	EndGlobalSection
	GlobalSection(ExtensibilityGlobals) = postSolution
		SolutionGuid = {34F80591-5BAB-406B-8AD3-B0245AFE64EC}
	EndGlobalSection
EndGlobal
